// !$*UTF8*$!
{
	archiveVersion = 1;
	classes = {
	};
	objectVersion = 46;
	objects = {

/* Begin PBXBuildFile section */
		1E95CE6F1B749926009C547A /* AppDelegate.swift in Sources */ = {isa = PBXBuildFile; fileRef = 1E95CE6E1B749926009C547A /* AppDelegate.swift */; };
		1E95CE711B749926009C547A /* ViewController.swift in Sources */ = {isa = PBXBuildFile; fileRef = 1E95CE701B749926009C547A /* ViewController.swift */; };
		1E95CE741B749926009C547A /* Main.storyboard in Resources */ = {isa = PBXBuildFile; fileRef = 1E95CE721B749926009C547A /* Main.storyboard */; };
		1E95CE761B749926009C547A /* Images.xcassets in Resources */ = {isa = PBXBuildFile; fileRef = 1E95CE751B749926009C547A /* Images.xcassets */; };
		1E95CE791B749926009C547A /* LaunchScreen.xib in Resources */ = {isa = PBXBuildFile; fileRef = 1E95CE771B749926009C547A /* LaunchScreen.xib */; };
		1E95CE851B749926009C547A /* SensorLinkAppTests.swift in Sources */ = {isa = PBXBuildFile; fileRef = 1E95CE841B749926009C547A /* SensorLinkAppTests.swift */; };
		1E95CE981B7499EE009C547A /* InterfaceController.swift in Sources */ = {isa = PBXBuildFile; fileRef = 1E95CE971B7499EE009C547A /* InterfaceController.swift */; };
		1E95CE9A1B7499EE009C547A /* NotificationController.swift in Sources */ = {isa = PBXBuildFile; fileRef = 1E95CE991B7499EE009C547A /* NotificationController.swift */; };
		1E95CE9C1B7499EE009C547A /* GlanceController.swift in Sources */ = {isa = PBXBuildFile; fileRef = 1E95CE9B1B7499EE009C547A /* GlanceController.swift */; };
		1E95CE9E1B7499EE009C547A /* Images.xcassets in Resources */ = {isa = PBXBuildFile; fileRef = 1E95CE9D1B7499EE009C547A /* Images.xcassets */; };
		1E95CEA21B7499EE009C547A /* SensorLinkApp WatchKit App.app in Resources */ = {isa = PBXBuildFile; fileRef = 1E95CEA11B7499EE009C547A /* SensorLinkApp WatchKit App.app */; };
		1E95CEAA1B7499EE009C547A /* Interface.storyboard in Resources */ = {isa = PBXBuildFile; fileRef = 1E95CEA81B7499EE009C547A /* Interface.storyboard */; };
		1E95CEAC1B7499EE009C547A /* Images.xcassets in Resources */ = {isa = PBXBuildFile; fileRef = 1E95CEAB1B7499EE009C547A /* Images.xcassets */; };
		1E95CEAF1B7499EE009C547A /* SensorLinkApp WatchKit Extension.appex in Embed App Extensions */ = {isa = PBXBuildFile; fileRef = 1E95CE921B7499ED009C547A /* SensorLinkApp WatchKit Extension.appex */; settings = {ATTRIBUTES = (RemoveHeadersOnCopy, ); }; };
/* End PBXBuildFile section */

/* Begin PBXContainerItemProxy section */
		1E95CE7F1B749926009C547A /* PBXContainerItemProxy */ = {
			isa = PBXContainerItemProxy;
			containerPortal = 1E95CE611B749926009C547A /* Project object */;
			proxyType = 1;
			remoteGlobalIDString = 1E95CE681B749926009C547A;
			remoteInfo = SensorLinkApp;
		};
		1E95CEA31B7499EE009C547A /* PBXContainerItemProxy */ = {
			isa = PBXContainerItemProxy;
			containerPortal = 1E95CE611B749926009C547A /* Project object */;
			proxyType = 1;
			remoteGlobalIDString = 1E95CEA01B7499EE009C547A;
			remoteInfo = "SensorLinkApp WatchKit App";
		};
		1E95CEAD1B7499EE009C547A /* PBXContainerItemProxy */ = {
			isa = PBXContainerItemProxy;
			containerPortal = 1E95CE611B749926009C547A /* Project object */;
			proxyType = 1;
			remoteGlobalIDString = 1E95CE911B7499ED009C547A;
			remoteInfo = "SensorLinkApp WatchKit Extension";
		};
/* End PBXContainerItemProxy section */

/* Begin PBXCopyFilesBuildPhase section */
		1E95CEB61B7499EE009C547A /* Embed App Extensions */ = {
			isa = PBXCopyFilesBuildPhase;
			buildActionMask = 2147483647;
			dstPath = "";
			dstSubfolderSpec = 13;
			files = (
				1E95CEAF1B7499EE009C547A /* SensorLinkApp WatchKit Extension.appex in Embed App Extensions */,
			);
			name = "Embed App Extensions";
			runOnlyForDeploymentPostprocessing = 0;
		};
/* End PBXCopyFilesBuildPhase section */

/* Begin PBXFileReference section */
		1E95CE691B749926009C547A /* SensorLinkApp.app */ = {isa = PBXFileReference; explicitFileType = wrapper.application; includeInIndex = 0; path = SensorLinkApp.app; sourceTree = BUILT_PRODUCTS_DIR; };
		1E95CE6D1B749926009C547A /* Info.plist */ = {isa = PBXFileReference; lastKnownFileType = text.plist.xml; path = Info.plist; sourceTree = "<group>"; };
		1E95CE6E1B749926009C547A /* AppDelegate.swift */ = {isa = PBXFileReference; lastKnownFileType = sourcecode.swift; path = AppDelegate.swift; sourceTree = "<group>"; };
		1E95CE701B749926009C547A /* ViewController.swift */ = {isa = PBXFileReference; lastKnownFileType = sourcecode.swift; path = ViewController.swift; sourceTree = "<group>"; };
		1E95CE731B749926009C547A /* Base */ = {isa = PBXFileReference; lastKnownFileType = file.storyboard; name = Base; path = Base.lproj/Main.storyboard; sourceTree = "<group>"; };
		1E95CE751B749926009C547A /* Images.xcassets */ = {isa = PBXFileReference; lastKnownFileType = folder.assetcatalog; path = Images.xcassets; sourceTree = "<group>"; };
		1E95CE781B749926009C547A /* Base */ = {isa = PBXFileReference; lastKnownFileType = file.xib; name = Base; path = Base.lproj/LaunchScreen.xib; sourceTree = "<group>"; };
		1E95CE7E1B749926009C547A /* SensorLinkAppTests.xctest */ = {isa = PBXFileReference; explicitFileType = wrapper.cfbundle; includeInIndex = 0; path = SensorLinkAppTests.xctest; sourceTree = BUILT_PRODUCTS_DIR; };
		1E95CE831B749926009C547A /* Info.plist */ = {isa = PBXFileReference; lastKnownFileType = text.plist.xml; path = Info.plist; sourceTree = "<group>"; };
		1E95CE841B749926009C547A /* SensorLinkAppTests.swift */ = {isa = PBXFileReference; lastKnownFileType = sourcecode.swift; path = SensorLinkAppTests.swift; sourceTree = "<group>"; };
		1E95CE921B7499ED009C547A /* SensorLinkApp WatchKit Extension.appex */ = {isa = PBXFileReference; explicitFileType = "wrapper.app-extension"; includeInIndex = 0; path = "SensorLinkApp WatchKit Extension.appex"; sourceTree = BUILT_PRODUCTS_DIR; };
		1E95CE951B7499ED009C547A /* Info.plist */ = {isa = PBXFileReference; lastKnownFileType = text.plist.xml; path = Info.plist; sourceTree = "<group>"; };
		1E95CE961B7499ED009C547A /* PushNotificationPayload.apns */ = {isa = PBXFileReference; lastKnownFileType = text; path = PushNotificationPayload.apns; sourceTree = "<group>"; };
		1E95CE971B7499EE009C547A /* InterfaceController.swift */ = {isa = PBXFileReference; lastKnownFileType = sourcecode.swift; path = InterfaceController.swift; sourceTree = "<group>"; };
		1E95CE991B7499EE009C547A /* NotificationController.swift */ = {isa = PBXFileReference; lastKnownFileType = sourcecode.swift; path = NotificationController.swift; sourceTree = "<group>"; };
		1E95CE9B1B7499EE009C547A /* GlanceController.swift */ = {isa = PBXFileReference; lastKnownFileType = sourcecode.swift; path = GlanceController.swift; sourceTree = "<group>"; };
		1E95CE9D1B7499EE009C547A /* Images.xcassets */ = {isa = PBXFileReference; lastKnownFileType = folder.assetcatalog; path = Images.xcassets; sourceTree = "<group>"; };
		1E95CEA11B7499EE009C547A /* SensorLinkApp WatchKit App.app */ = {isa = PBXFileReference; explicitFileType = wrapper.application; includeInIndex = 0; path = "SensorLinkApp WatchKit App.app"; sourceTree = BUILT_PRODUCTS_DIR; };
		1E95CEA71B7499EE009C547A /* Info.plist */ = {isa = PBXFileReference; lastKnownFileType = text.plist.xml; path = Info.plist; sourceTree = "<group>"; };
		1E95CEA91B7499EE009C547A /* Base */ = {isa = PBXFileReference; lastKnownFileType = file.storyboard; name = Base; path = Base.lproj/Interface.storyboard; sourceTree = "<group>"; };
		1E95CEAB1B7499EE009C547A /* Images.xcassets */ = {isa = PBXFileReference; lastKnownFileType = folder.assetcatalog; path = Images.xcassets; sourceTree = "<group>"; };
/* End PBXFileReference section */

/* Begin PBXFrameworksBuildPhase section */
		1E95CE661B749926009C547A /* Frameworks */ = {
			isa = PBXFrameworksBuildPhase;
			buildActionMask = 2147483647;
			files = (
			);
			runOnlyForDeploymentPostprocessing = 0;
		};
		1E95CE7B1B749926009C547A /* Frameworks */ = {
			isa = PBXFrameworksBuildPhase;
			buildActionMask = 2147483647;
			files = (
			);
			runOnlyForDeploymentPostprocessing = 0;
		};
		1E95CE8F1B7499ED009C547A /* Frameworks */ = {
			isa = PBXFrameworksBuildPhase;
			buildActionMask = 2147483647;
			files = (
			);
			runOnlyForDeploymentPostprocessing = 0;
		};
/* End PBXFrameworksBuildPhase section */

/* Begin PBXGroup section */
		1E95CE601B749926009C547A = {
			isa = PBXGroup;
			children = (
				1E95CE6B1B749926009C547A /* SensorLinkApp */,
				1E95CE811B749926009C547A /* SensorLinkAppTests */,
				1E95CE931B7499ED009C547A /* SensorLinkApp WatchKit Extension */,
				1E95CEA51B7499EE009C547A /* SensorLinkApp WatchKit App */,
				1E95CE6A1B749926009C547A /* Products */,
			);
			sourceTree = "<group>";
		};
		1E95CE6A1B749926009C547A /* Products */ = {
			isa = PBXGroup;
			children = (
				1E95CE691B749926009C547A /* SensorLinkApp.app */,
				1E95CE7E1B749926009C547A /* SensorLinkAppTests.xctest */,
				1E95CE921B7499ED009C547A /* SensorLinkApp WatchKit Extension.appex */,
				1E95CEA11B7499EE009C547A /* SensorLinkApp WatchKit App.app */,
			);
			name = Products;
			sourceTree = "<group>";
		};
		1E95CE6B1B749926009C547A /* SensorLinkApp */ = {
			isa = PBXGroup;
			children = (
				1E95CE6E1B749926009C547A /* AppDelegate.swift */,
				1E95CE701B749926009C547A /* ViewController.swift */,
				1E95CE721B749926009C547A /* Main.storyboard */,
				1E95CE751B749926009C547A /* Images.xcassets */,
				1E95CE771B749926009C547A /* LaunchScreen.xib */,
				1E95CE6C1B749926009C547A /* Supporting Files */,
			);
			path = SensorLinkApp;
			sourceTree = "<group>";
		};
		1E95CE6C1B749926009C547A /* Supporting Files */ = {
			isa = PBXGroup;
			children = (
				1E95CE6D1B749926009C547A /* Info.plist */,
			);
			name = "Supporting Files";
			sourceTree = "<group>";
		};
		1E95CE811B749926009C547A /* SensorLinkAppTests */ = {
			isa = PBXGroup;
			children = (
				1E95CE841B749926009C547A /* SensorLinkAppTests.swift */,
				1E95CE821B749926009C547A /* Supporting Files */,
			);
			path = SensorLinkAppTests;
			sourceTree = "<group>";
		};
		1E95CE821B749926009C547A /* Supporting Files */ = {
			isa = PBXGroup;
			children = (
				1E95CE831B749926009C547A /* Info.plist */,
			);
			name = "Supporting Files";
			sourceTree = "<group>";
		};
		1E95CE931B7499ED009C547A /* SensorLinkApp WatchKit Extension */ = {
			isa = PBXGroup;
			children = (
				1E95CE971B7499EE009C547A /* InterfaceController.swift */,
				1E95CE991B7499EE009C547A /* NotificationController.swift */,
				1E95CE9B1B7499EE009C547A /* GlanceController.swift */,
				1E95CE9D1B7499EE009C547A /* Images.xcassets */,
				1E95CE941B7499ED009C547A /* Supporting Files */,
			);
			path = "SensorLinkApp WatchKit Extension";
			sourceTree = "<group>";
		};
		1E95CE941B7499ED009C547A /* Supporting Files */ = {
			isa = PBXGroup;
			children = (
				1E95CE951B7499ED009C547A /* Info.plist */,
				1E95CE961B7499ED009C547A /* PushNotificationPayload.apns */,
			);
			name = "Supporting Files";
			sourceTree = "<group>";
		};
		1E95CEA51B7499EE009C547A /* SensorLinkApp WatchKit App */ = {
			isa = PBXGroup;
			children = (
				1E95CEA81B7499EE009C547A /* Interface.storyboard */,
				1E95CEAB1B7499EE009C547A /* Images.xcassets */,
				1E95CEA61B7499EE009C547A /* Supporting Files */,
			);
			path = "SensorLinkApp WatchKit App";
			sourceTree = "<group>";
		};
		1E95CEA61B7499EE009C547A /* Supporting Files */ = {
			isa = PBXGroup;
			children = (
				1E95CEA71B7499EE009C547A /* Info.plist */,
			);
			name = "Supporting Files";
			sourceTree = "<group>";
		};
/* End PBXGroup section */

/* Begin PBXNativeTarget section */
		1E95CE681B749926009C547A /* SensorLinkApp */ = {
			isa = PBXNativeTarget;
			buildConfigurationList = 1E95CE881B749926009C547A /* Build configuration list for PBXNativeTarget "SensorLinkApp" */;
			buildPhases = (
				1E95CE651B749926009C547A /* Sources */,
				1E95CE661B749926009C547A /* Frameworks */,
				1E95CE671B749926009C547A /* Resources */,
				1E95CEB61B7499EE009C547A /* Embed App Extensions */,
			);
			buildRules = (
			);
			dependencies = (
				1E95CEAE1B7499EE009C547A /* PBXTargetDependency */,
			);
			name = SensorLinkApp;
			productName = SensorLinkApp;
			productReference = 1E95CE691B749926009C547A /* SensorLinkApp.app */;
			productType = "com.apple.product-type.application";
		};
		1E95CE7D1B749926009C547A /* SensorLinkAppTests */ = {
			isa = PBXNativeTarget;
			buildConfigurationList = 1E95CE8B1B749926009C547A /* Build configuration list for PBXNativeTarget "SensorLinkAppTests" */;
			buildPhases = (
				1E95CE7A1B749926009C547A /* Sources */,
				1E95CE7B1B749926009C547A /* Frameworks */,
				1E95CE7C1B749926009C547A /* Resources */,
			);
			buildRules = (
			);
			dependencies = (
				1E95CE801B749926009C547A /* PBXTargetDependency */,
			);
			name = SensorLinkAppTests;
			productName = SensorLinkAppTests;
			productReference = 1E95CE7E1B749926009C547A /* SensorLinkAppTests.xctest */;
			productType = "com.apple.product-type.bundle.unit-test";
		};
		1E95CE911B7499ED009C547A /* SensorLinkApp WatchKit Extension */ = {
			isa = PBXNativeTarget;
			buildConfigurationList = 1E95CEB31B7499EE009C547A /* Build configuration list for PBXNativeTarget "SensorLinkApp WatchKit Extension" */;
			buildPhases = (
				1E95CE8E1B7499ED009C547A /* Sources */,
				1E95CE8F1B7499ED009C547A /* Frameworks */,
				1E95CE901B7499ED009C547A /* Resources */,
			);
			buildRules = (
			);
			dependencies = (
				1E95CEA41B7499EE009C547A /* PBXTargetDependency */,
			);
			name = "SensorLinkApp WatchKit Extension";
			productName = "SensorLinkApp WatchKit Extension";
			productReference = 1E95CE921B7499ED009C547A /* SensorLinkApp WatchKit Extension.appex */;
			productType = "com.apple.product-type.watchkit-extension";
		};
		1E95CEA01B7499EE009C547A /* SensorLinkApp WatchKit App */ = {
			isa = PBXNativeTarget;
			buildConfigurationList = 1E95CEB01B7499EE009C547A /* Build configuration list for PBXNativeTarget "SensorLinkApp WatchKit App" */;
			buildPhases = (
				1E95CE9F1B7499EE009C547A /* Resources */,
			);
			buildRules = (
			);
			dependencies = (
			);
			name = "SensorLinkApp WatchKit App";
			productName = "SensorLinkApp WatchKit App";
			productReference = 1E95CEA11B7499EE009C547A /* SensorLinkApp WatchKit App.app */;
			productType = "com.apple.product-type.application.watchapp";
		};
/* End PBXNativeTarget section */

/* Begin PBXProject section */
		1E95CE611B749926009C547A /* Project object */ = {
			isa = PBXProject;
			attributes = {
				LastUpgradeCheck = 0640;
				ORGANIZATIONNAME = TanakaTakenori;
				TargetAttributes = {
					1E95CE681B749926009C547A = {
						CreatedOnToolsVersion = 6.4;
					};
					1E95CE7D1B749926009C547A = {
						CreatedOnToolsVersion = 6.4;
						TestTargetID = 1E95CE681B749926009C547A;
					};
					1E95CE911B7499ED009C547A = {
						CreatedOnToolsVersion = 6.4;
					};
					1E95CEA01B7499EE009C547A = {
						CreatedOnToolsVersion = 6.4;
					};
				};
			};
			buildConfigurationList = 1E95CE641B749926009C547A /* Build configuration list for PBXProject "SensorLinkApp" */;
			compatibilityVersion = "Xcode 3.2";
			developmentRegion = English;
			hasScannedForEncodings = 0;
			knownRegions = (
				en,
				Base,
			);
			mainGroup = 1E95CE601B749926009C547A;
			productRefGroup = 1E95CE6A1B749926009C547A /* Products */;
			projectDirPath = "";
			projectRoot = "";
			targets = (
				1E95CE681B749926009C547A /* SensorLinkApp */,
				1E95CE7D1B749926009C547A /* SensorLinkAppTests */,
				1E95CE911B7499ED009C547A /* SensorLinkApp WatchKit Extension */,
				1E95CEA01B7499EE009C547A /* SensorLinkApp WatchKit App */,
			);
		};
/* End PBXProject section */

/* Begin PBXResourcesBuildPhase section */
		1E95CE671B749926009C547A /* Resources */ = {
			isa = PBXResourcesBuildPhase;
			buildActionMask = 2147483647;
			files = (
				1E95CE741B749926009C547A /* Main.storyboard in Resources */,
				1E95CE791B749926009C547A /* LaunchScreen.xib in Resources */,
				1E95CE761B749926009C547A /* Images.xcassets in Resources */,
			);
			runOnlyForDeploymentPostprocessing = 0;
		};
		1E95CE7C1B749926009C547A /* Resources */ = {
			isa = PBXResourcesBuildPhase;
			buildActionMask = 2147483647;
			files = (
			);
			runOnlyForDeploymentPostprocessing = 0;
		};
		1E95CE901B7499ED009C547A /* Resources */ = {
			isa = PBXResourcesBuildPhase;
			buildActionMask = 2147483647;
			files = (
				1E95CEA21B7499EE009C547A /* SensorLinkApp WatchKit App.app in Resources */,
				1E95CE9E1B7499EE009C547A /* Images.xcassets in Resources */,
			);
			runOnlyForDeploymentPostprocessing = 0;
		};
		1E95CE9F1B7499EE009C547A /* Resources */ = {
			isa = PBXResourcesBuildPhase;
			buildActionMask = 2147483647;
			files = (
				1E95CEAA1B7499EE009C547A /* Interface.storyboard in Resources */,
				1E95CEAC1B7499EE009C547A /* Images.xcassets in Resources */,
			);
			runOnlyForDeploymentPostprocessing = 0;
		};
/* End PBXResourcesBuildPhase section */

/* Begin PBXSourcesBuildPhase section */
		1E95CE651B749926009C547A /* Sources */ = {
			isa = PBXSourcesBuildPhase;
			buildActionMask = 2147483647;
			files = (
				1E95CE711B749926009C547A /* ViewController.swift in Sources */,
				1E95CE6F1B749926009C547A /* AppDelegate.swift in Sources */,
			);
			runOnlyForDeploymentPostprocessing = 0;
		};
		1E95CE7A1B749926009C547A /* Sources */ = {
			isa = PBXSourcesBuildPhase;
			buildActionMask = 2147483647;
			files = (
				1E95CE851B749926009C547A /* SensorLinkAppTests.swift in Sources */,
			);
			runOnlyForDeploymentPostprocessing = 0;
		};
		1E95CE8E1B7499ED009C547A /* Sources */ = {
			isa = PBXSourcesBuildPhase;
			buildActionMask = 2147483647;
			files = (
				1E95CE9A1B7499EE009C547A /* NotificationController.swift in Sources */,
				1E95CE981B7499EE009C547A /* InterfaceController.swift in Sources */,
				1E95CE9C1B7499EE009C547A /* GlanceController.swift in Sources */,
			);
			runOnlyForDeploymentPostprocessing = 0;
		};
/* End PBXSourcesBuildPhase section */

/* Begin PBXTargetDependency section */
		1E95CE801B749926009C547A /* PBXTargetDependency */ = {
			isa = PBXTargetDependency;
			target = 1E95CE681B749926009C547A /* SensorLinkApp */;
			targetProxy = 1E95CE7F1B749926009C547A /* PBXContainerItemProxy */;
		};
		1E95CEA41B7499EE009C547A /* PBXTargetDependency */ = {
			isa = PBXTargetDependency;
			target = 1E95CEA01B7499EE009C547A /* SensorLinkApp WatchKit App */;
			targetProxy = 1E95CEA31B7499EE009C547A /* PBXContainerItemProxy */;
		};
		1E95CEAE1B7499EE009C547A /* PBXTargetDependency */ = {
			isa = PBXTargetDependency;
			target = 1E95CE911B7499ED009C547A /* SensorLinkApp WatchKit Extension */;
			targetProxy = 1E95CEAD1B7499EE009C547A /* PBXContainerItemProxy */;
		};
/* End PBXTargetDependency section */

/* Begin PBXVariantGroup section */
		1E95CE721B749926009C547A /* Main.storyboard */ = {
			isa = PBXVariantGroup;
			children = (
				1E95CE731B749926009C547A /* Base */,
			);
			name = Main.storyboard;
			sourceTree = "<group>";
		};
		1E95CE771B749926009C547A /* LaunchScreen.xib */ = {
			isa = PBXVariantGroup;
			children = (
				1E95CE781B749926009C547A /* Base */,
			);
			name = LaunchScreen.xib;
			sourceTree = "<group>";
		};
		1E95CEA81B7499EE009C547A /* Interface.storyboard */ = {
			isa = PBXVariantGroup;
			children = (
				1E95CEA91B7499EE009C547A /* Base */,
			);
			name = Interface.storyboard;
			sourceTree = "<group>";
		};
/* End PBXVariantGroup section */

/* Begin XCBuildConfiguration section */
		1E95CE861B749926009C547A /* Debug */ = {
			isa = XCBuildConfiguration;
			buildSettings = {
				ALWAYS_SEARCH_USER_PATHS = NO;
				CLANG_CXX_LANGUAGE_STANDARD = "gnu++0x";
				CLANG_CXX_LIBRARY = "libc++";
				CLANG_ENABLE_MODULES = YES;
				CLANG_ENABLE_OBJC_ARC = YES;
				CLANG_WARN_BOOL_CONVERSION = YES;
				CLANG_WARN_CONSTANT_CONVERSION = YES;
				CLANG_WARN_DIRECT_OBJC_ISA_USAGE = YES_ERROR;
				CLANG_WARN_EMPTY_BODY = YES;
				CLANG_WARN_ENUM_CONVERSION = YES;
				CLANG_WARN_INT_CONVERSION = YES;
				CLANG_WARN_OBJC_ROOT_CLASS = YES_ERROR;
				CLANG_WARN_UNREACHABLE_CODE = YES;
				CLANG_WARN__DUPLICATE_METHOD_MATCH = YES;
				"CODE_SIGN_IDENTITY[sdk=iphoneos*]" = "iPhone Developer";
				COPY_PHASE_STRIP = NO;
				DEBUG_INFORMATION_FORMAT = "dwarf-with-dsym";
				ENABLE_STRICT_OBJC_MSGSEND = YES;
				GCC_C_LANGUAGE_STANDARD = gnu99;
				GCC_DYNAMIC_NO_PIC = NO;
				GCC_NO_COMMON_BLOCKS = YES;
				GCC_OPTIMIZATION_LEVEL = 0;
				GCC_PREPROCESSOR_DEFINITIONS = (
					"DEBUG=1",
					"$(inherited)",
				);
				GCC_SYMBOLS_PRIVATE_EXTERN = NO;
				GCC_WARN_64_TO_32_BIT_CONVERSION = YES;
				GCC_WARN_ABOUT_RETURN_TYPE = YES_ERROR;
				GCC_WARN_UNDECLARED_SELECTOR = YES;
				GCC_WARN_UNINITIALIZED_AUTOS = YES_AGGRESSIVE;
				GCC_WARN_UNUSED_FUNCTION = YES;
				GCC_WARN_UNUSED_VARIABLE = YES;
				IPHONEOS_DEPLOYMENT_TARGET = 8.4;
				MTL_ENABLE_DEBUG_INFO = YES;
				ONLY_ACTIVE_ARCH = YES;
				SDKROOT = iphoneos;
				SWIFT_OPTIMIZATION_LEVEL = "-Onone";
				TARGETED_DEVICE_FAMILY = "1,2";
			};
			name = Debug;
		};
		1E95CE871B749926009C547A /* Release */ = {
			isa = XCBuildConfiguration;
			buildSettings = {
				ALWAYS_SEARCH_USER_PATHS = NO;
				CLANG_CXX_LANGUAGE_STANDARD = "gnu++0x";
				CLANG_CXX_LIBRARY = "libc++";
				CLANG_ENABLE_MODULES = YES;
				CLANG_ENABLE_OBJC_ARC = YES;
				CLANG_WARN_BOOL_CONVERSION = YES;
				CLANG_WARN_CONSTANT_CONVERSION = YES;
				CLANG_WARN_DIRECT_OBJC_ISA_USAGE = YES_ERROR;
				CLANG_WARN_EMPTY_BODY = YES;
				CLANG_WARN_ENUM_CONVERSION = YES;
				CLANG_WARN_INT_CONVERSION = YES;
				CLANG_WARN_OBJC_ROOT_CLASS = YES_ERROR;
				CLANG_WARN_UNREACHABLE_CODE = YES;
				CLANG_WARN__DUPLICATE_METHOD_MATCH = YES;
				"CODE_SIGN_IDENTITY[sdk=iphoneos*]" = "iPhone Developer";
				COPY_PHASE_STRIP = NO;
				DEBUG_INFORMATION_FORMAT = "dwarf-with-dsym";
				ENABLE_NS_ASSERTIONS = NO;
				ENABLE_STRICT_OBJC_MSGSEND = YES;
				GCC_C_LANGUAGE_STANDARD = gnu99;
				GCC_NO_COMMON_BLOCKS = YES;
				GCC_WARN_64_TO_32_BIT_CONVERSION = YES;
				GCC_WARN_ABOUT_RETURN_TYPE = YES_ERROR;
				GCC_WARN_UNDECLARED_SELECTOR = YES;
				GCC_WARN_UNINITIALIZED_AUTOS = YES_AGGRESSIVE;
				GCC_WARN_UNUSED_FUNCTION = YES;
				GCC_WARN_UNUSED_VARIABLE = YES;
				IPHONEOS_DEPLOYMENT_TARGET = 8.4;
				MTL_ENABLE_DEBUG_INFO = NO;
				SDKROOT = iphoneos;
				TARGETED_DEVICE_FAMILY = "1,2";
				VALIDATE_PRODUCT = YES;
			};
			name = Release;
		};
		1E95CE891B749926009C547A /* Debug */ = {
			isa = XCBuildConfiguration;
			buildSettings = {
				ASSETCATALOG_COMPILER_APPICON_NAME = AppIcon;
				INFOPLIST_FILE = SensorLinkApp/Info.plist;
				LD_RUNPATH_SEARCH_PATHS = "$(inherited) @executable_path/Frameworks";
				PRODUCT_NAME = "$(TARGET_NAME)";
			};
			name = Debug;
		};
		1E95CE8A1B749926009C547A /* Release */ = {
			isa = XCBuildConfiguration;
			buildSettings = {
				ASSETCATALOG_COMPILER_APPICON_NAME = AppIcon;
				INFOPLIST_FILE = SensorLinkApp/Info.plist;
				LD_RUNPATH_SEARCH_PATHS = "$(inherited) @executable_path/Frameworks";
				PRODUCT_NAME = "$(TARGET_NAME)";
			};
			name = Release;
		};
		1E95CE8C1B749926009C547A /* Debug */ = {
			isa = XCBuildConfiguration;
			buildSettings = {
				BUNDLE_LOADER = "$(TEST_HOST)";
				FRAMEWORK_SEARCH_PATHS = (
					"$(SDKROOT)/Developer/Library/Frameworks",
					"$(inherited)",
				);
				GCC_PREPROCESSOR_DEFINITIONS = (
					"DEBUG=1",
					"$(inherited)",
				);
				INFOPLIST_FILE = SensorLinkAppTests/Info.plist;
				LD_RUNPATH_SEARCH_PATHS = "$(inherited) @executable_path/Frameworks @loader_path/Frameworks";
				PRODUCT_NAME = "$(TARGET_NAME)";
				TEST_HOST = "$(BUILT_PRODUCTS_DIR)/SensorLinkApp.app/SensorLinkApp";
			};
			name = Debug;
		};
		1E95CE8D1B749926009C547A /* Release */ = {
			isa = XCBuildConfiguration;
			buildSettings = {
				BUNDLE_LOADER = "$(TEST_HOST)";
				FRAMEWORK_SEARCH_PATHS = (
					"$(SDKROOT)/Developer/Library/Frameworks",
					"$(inherited)",
				);
				INFOPLIST_FILE = SensorLinkAppTests/Info.plist;
				LD_RUNPATH_SEARCH_PATHS = "$(inherited) @executable_path/Frameworks @loader_path/Frameworks";
				PRODUCT_NAME = "$(TARGET_NAME)";
				TEST_HOST = "$(BUILT_PRODUCTS_DIR)/SensorLinkApp.app/SensorLinkApp";
			};
			name = Release;
		};
		1E95CEB11B7499EE009C547A /* Debug */ = {
			isa = XCBuildConfiguration;
			buildSettings = {
				ASSETCATALOG_COMPILER_APPICON_NAME = AppIcon;
				GCC_PREPROCESSOR_DEFINITIONS = (
					"DEBUG=1",
					"$(inherited)",
				);
				IBSC_MODULE = SensorLinkApp_WatchKit_Extension;
				INFOPLIST_FILE = "SensorLinkApp WatchKit App/Info.plist";
				IPHONEOS_DEPLOYMENT_TARGET = 8.2;
				PRODUCT_NAME = "$(TARGET_NAME)";
				SKIP_INSTALL = YES;
				TARGETED_DEVICE_FAMILY = 4;
				"TARGETED_DEVICE_FAMILY[sdk=iphonesimulator*]" = "1,4";
			};
			name = Debug;
		};
		1E95CEB21B7499EE009C547A /* Release */ = {
			isa = XCBuildConfiguration;
			buildSettings = {
				ASSETCATALOG_COMPILER_APPICON_NAME = AppIcon;
				IBSC_MODULE = SensorLinkApp_WatchKit_Extension;
				INFOPLIST_FILE = "SensorLinkApp WatchKit App/Info.plist";
				IPHONEOS_DEPLOYMENT_TARGET = 8.2;
				PRODUCT_NAME = "$(TARGET_NAME)";
				SKIP_INSTALL = YES;
				TARGETED_DEVICE_FAMILY = 4;
				"TARGETED_DEVICE_FAMILY[sdk=iphonesimulator*]" = "1,4";
			};
			name = Release;
		};
		1E95CEB41B7499EE009C547A /* Debug */ = {
			isa = XCBuildConfiguration;
			buildSettings = {
				GCC_PREPROCESSOR_DEFINITIONS = (
					"DEBUG=1",
					"$(inherited)",
				);
				INFOPLIST_FILE = "SensorLinkApp WatchKit Extension/Info.plist";
				LD_RUNPATH_SEARCH_PATHS = "$(inherited) @executable_path/Frameworks @executable_path/../../Frameworks";
				PRODUCT_NAME = "${TARGET_NAME}";
				SKIP_INSTALL = YES;
			};
			name = Debug;
		};
		1E95CEB51B7499EE009C547A /* Release */ = {
			isa = XCBuildConfiguration;
			buildSettings = {
				INFOPLIST_FILE = "SensorLinkApp WatchKit Extension/Info.plist";
				LD_RUNPATH_SEARCH_PATHS = "$(inherited) @executable_path/Frameworks @executable_path/../../Frameworks";
				PRODUCT_NAME = "${TARGET_NAME}";
				SKIP_INSTALL = YES;
			};
			name = Release;
		};
/* End XCBuildConfiguration section */

/* Begin XCConfigurationList section */
		1E95CE641B749926009C547A /* Build configuration list for PBXProject "SensorLinkApp" */ = {
			isa = XCConfigurationList;
			buildConfigurations = (
				1E95CE861B749926009C547A /* Debug */,
				1E95CE871B749926009C547A /* Release */,
			);
			defaultConfigurationIsVisible = 0;
			defaultConfigurationName = Release;
		};
		1E95CE881B749926009C547A /* Build configuration list for PBXNativeTarget "SensorLinkApp" */ = {
			isa = XCConfigurationList;
			buildConfigurations = (
				1E95CE891B749926009C547A /* Debug */,
				1E95CE8A1B749926009C547A /* Release */,
			);
			defaultConfigurationIsVisible = 0;
		};
		1E95CE8B1B749926009C547A /* Build configuration list for PBXNativeTarget "SensorLinkAppTests" */ = {
			isa = XCConfigurationList;
			buildConfigurations = (
				1E95CE8C1B749926009C547A /* Debug */,
				1E95CE8D1B749926009C547A /* Release */,
			);
			defaultConfigurationIsVisible = 0;
		};
		1E95CEB01B7499EE009C547A /* Build configuration list for PBXNativeTarget "SensorLinkApp WatchKit App" */ = {
			isa = XCConfigurationList;
			buildConfigurations = (
				1E95CEB11B7499EE009C547A /* Debug */,
				1E95CEB21B7499EE009C547A /* Release */,
			);
			defaultConfigurationIsVisible = 0;
		};
		1E95CEB31B7499EE009C547A /* Build configuration list for PBXNativeTarget "SensorLinkApp WatchKit Extension" */ = {
			isa = XCConfigurationList;
			buildConfigurations = (
				1E95CEB41B7499EE009C547A /* Debug */,
				1E95CEB51B7499EE009C547A /* Release */,
			);
			defaultConfigurationIsVisible = 0;
		};
/* End XCConfigurationList section */
	};
	rootObject = 1E95CE611B749926009C547A /* Project object */;
}
